
Microsoft Visual Studio Solution File, Format Version 12.00
# Visual Studio Version 17
VisualStudioVersion = 17.10.35122.118
MinimumVisualStudioVersion = 10.0.40219.1
Project("{8BC9CEB8-8B4A-11D0-8D11-00A0C91BC942}") = "KNSoft.NDK", "KNSoft.NDK\KNSoft.NDK.vcxproj", "{1A6001A4-2E81-4CFB-86F3-E1FE1B4A5991}"
EndProject
Project("{8BC9CEB8-8B4A-11D0-8D11-00A0C91BC942}") = "UnitTest", "UnitTest\UnitTest.vcxproj", "{E4BBF3A5-9277-48A9-94E6-3F15F740655D}"
	ProjectSection(ProjectDependencies) = postProject
		{1A6001A4-2E81-4CFB-86F3-E1FE1B4A5991} = {1A6001A4-2E81-4CFB-86F3-E1FE1B4A5991}
	EndProjectSection
EndProject
Project("{FAE04EC0-301F-11D3-BF4B-00C04F79EFBC}") = "SDK", "SDK\SDK.csproj", "{80745022-B3C8-B1E5-AD55-53C4AF5A810B}"
EndProject
Global
	GlobalSection(SolutionConfigurationPlatforms) = preSolution
		Debug|Any CPU = Debug|Any CPU
		Debug|ARM64 = Debug|ARM64
		Debug|ARM64EC = Debug|ARM64EC
		Debug|x64 = Debug|x64
		Debug|x86 = Debug|x86
		Release|Any CPU = Release|Any CPU
		Release|ARM64 = Release|ARM64
		Release|ARM64EC = Release|ARM64EC
		Release|x64 = Release|x64
		Release|x86 = Release|x86
	EndGlobalSection
	GlobalSection(ProjectConfigurationPlatforms) = postSolution
		{1A6001A4-2E81-4CFB-86F3-E1FE1B4A5991}.Debug|Any CPU.ActiveCfg = Release|x64
		{1A6001A4-2E81-4CFB-86F3-E1FE1B4A5991}.Debug|Any CPU.Build.0 = Release|x64
		{1A6001A4-2E81-4CFB-86F3-E1FE1B4A5991}.Debug|ARM64.ActiveCfg = Release|ARM64
		{1A6001A4-2E81-4CFB-86F3-E1FE1B4A5991}.Debug|ARM64.Build.0 = Release|ARM64
		{1A6001A4-2E81-4CFB-86F3-E1FE1B4A5991}.Debug|ARM64EC.ActiveCfg = Release|x64
		{1A6001A4-2E81-4CFB-86F3-E1FE1B4A5991}.Debug|ARM64EC.Build.0 = Release|x64
		{1A6001A4-2E81-4CFB-86F3-E1FE1B4A5991}.Debug|x64.ActiveCfg = Release|x64
		{1A6001A4-2E81-4CFB-86F3-E1FE1B4A5991}.Debug|x64.Build.0 = Release|x64
		{1A6001A4-2E81-4CFB-86F3-E1FE1B4A5991}.Debug|x86.ActiveCfg = Release|Win32
		{1A6001A4-2E81-4CFB-86F3-E1FE1B4A5991}.Debug|x86.Build.0 = Release|Win32
		{1A6001A4-2E81-4CFB-86F3-E1FE1B4A5991}.Release|Any CPU.ActiveCfg = Release|x64
		{1A6001A4-2E81-4CFB-86F3-E1FE1B4A5991}.Release|Any CPU.Build.0 = Release|x64
		{1A6001A4-2E81-4CFB-86F3-E1FE1B4A5991}.Release|ARM64.ActiveCfg = Release|ARM64
		{1A6001A4-2E81-4CFB-86F3-E1FE1B4A5991}.Release|ARM64.Build.0 = Release|ARM64
		{1A6001A4-2E81-4CFB-86F3-E1FE1B4A5991}.Release|ARM64EC.ActiveCfg = Release|x64
		{1A6001A4-2E81-4CFB-86F3-E1FE1B4A5991}.Release|ARM64EC.Build.0 = Release|x64
		{1A6001A4-2E81-4CFB-86F3-E1FE1B4A5991}.Release|x64.ActiveCfg = Release|x64
		{1A6001A4-2E81-4CFB-86F3-E1FE1B4A5991}.Release|x64.Build.0 = Release|x64
		{1A6001A4-2E81-4CFB-86F3-E1FE1B4A5991}.Release|x86.ActiveCfg = Release|Win32
		{1A6001A4-2E81-4CFB-86F3-E1FE1B4A5991}.Release|x86.Build.0 = Release|Win32
		{E4BBF3A5-9277-48A9-94E6-3F15F740655D}.Debug|Any CPU.ActiveCfg = Debug|x64
		{E4BBF3A5-9277-48A9-94E6-3F15F740655D}.Debug|Any CPU.Build.0 = Debug|x64
		{E4BBF3A5-9277-48A9-94E6-3F15F740655D}.Debug|ARM64.ActiveCfg = Debug|ARM64
		{E4BBF3A5-9277-48A9-94E6-3F15F740655D}.Debug|ARM64.Build.0 = Debug|ARM64
		{E4BBF3A5-9277-48A9-94E6-3F15F740655D}.Debug|ARM64EC.ActiveCfg = Debug|ARM64EC
		{E4BBF3A5-9277-48A9-94E6-3F15F740655D}.Debug|ARM64EC.Build.0 = Debug|ARM64EC
		{E4BBF3A5-9277-48A9-94E6-3F15F740655D}.Debug|x64.ActiveCfg = Debug|x64
		{E4BBF3A5-9277-48A9-94E6-3F15F740655D}.Debug|x64.Build.0 = Debug|x64
		{E4BBF3A5-9277-48A9-94E6-3F15F740655D}.Debug|x86.ActiveCfg = Debug|Win32
		{E4BBF3A5-9277-48A9-94E6-3F15F740655D}.Debug|x86.Build.0 = Debug|Win32
		{E4BBF3A5-9277-48A9-94E6-3F15F740655D}.Release|Any CPU.ActiveCfg = Release|x64
		{E4BBF3A5-9277-48A9-94E6-3F15F740655D}.Release|Any CPU.Build.0 = Release|x64
		{E4BBF3A5-9277-48A9-94E6-3F15F740655D}.Release|ARM64.ActiveCfg = Release|ARM64
		{E4BBF3A5-9277-48A9-94E6-3F15F740655D}.Release|ARM64.Build.0 = Release|ARM64
		{E4BBF3A5-9277-48A9-94E6-3F15F740655D}.Release|ARM64EC.ActiveCfg = Release|ARM64EC
		{E4BBF3A5-9277-48A9-94E6-3F15F740655D}.Release|ARM64EC.Build.0 = Release|ARM64EC
		{E4BBF3A5-9277-48A9-94E6-3F15F740655D}.Release|x64.ActiveCfg = Release|x64
		{E4BBF3A5-9277-48A9-94E6-3F15F740655D}.Release|x64.Build.0 = Release|x64
		{E4BBF3A5-9277-48A9-94E6-3F15F740655D}.Release|x86.ActiveCfg = Release|Win32
		{E4BBF3A5-9277-48A9-94E6-3F15F740655D}.Release|x86.Build.0 = Release|Win32
		{80745022-B3C8-B1E5-AD55-53C4AF5A810B}.Debug|Any CPU.ActiveCfg = Debug|Any CPU
		{80745022-B3C8-B1E5-AD55-53C4AF5A810B}.Debug|Any CPU.Build.0 = Debug|Any CPU
		{80745022-B3C8-B1E5-AD55-53C4AF5A810B}.Debug|ARM64.ActiveCfg = Debug|Any CPU
		{80745022-B3C8-B1E5-AD55-53C4AF5A810B}.Debug|ARM64.Build.0 = Debug|Any CPU
		{80745022-B3C8-B1E5-AD55-53C4AF5A810B}.Debug|ARM64EC.ActiveCfg = Debug|Any CPU
		{80745022-B3C8-B1E5-AD55-53C4AF5A810B}.Debug|ARM64EC.Build.0 = Debug|Any CPU
		{80745022-B3C8-B1E5-AD55-53C4AF5A810B}.Debug|x64.ActiveCfg = Debug|Any CPU
		{80745022-B3C8-B1E5-AD55-53C4AF5A810B}.Debug|x64.Build.0 = Debug|Any CPU
		{80745022-B3C8-B1E5-AD55-53C4AF5A810B}.Debug|x86.ActiveCfg = Debug|Any CPU
		{80745022-B3C8-B1E5-AD55-53C4AF5A810B}.Debug|x86.Build.0 = Debug|Any CPU
		{80745022-B3C8-B1E5-AD55-53C4AF5A810B}.Release|Any CPU.ActiveCfg = Release|Any CPU
		{80745022-B3C8-B1E5-AD55-53C4AF5A810B}.Release|Any CPU.Build.0 = Release|Any CPU
		{80745022-B3C8-B1E5-AD55-53C4AF5A810B}.Release|ARM64.ActiveCfg = Release|Any CPU
		{80745022-B3C8-B1E5-AD55-53C4AF5A810B}.Release|ARM64.Build.0 = Release|Any CPU
		{80745022-B3C8-B1E5-AD55-53C4AF5A810B}.Release|ARM64EC.ActiveCfg = Release|Any CPU
		{80745022-B3C8-B1E5-AD55-53C4AF5A810B}.Release|ARM64EC.Build.0 = Release|Any CPU
		{80745022-B3C8-B1E5-AD55-53C4AF5A810B}.Release|x64.ActiveCfg = Release|Any CPU
		{80745022-B3C8-B1E5-AD55-53C4AF5A810B}.Release|x64.Build.0 = Release|Any CPU
		{80745022-B3C8-B1E5-AD55-53C4AF5A810B}.Release|x86.ActiveCfg = Release|Any CPU
		{80745022-B3C8-B1E5-AD55-53C4AF5A810B}.Release|x86.Build.0 = Release|Any CPU
	EndGlobalSection
	GlobalSection(SolutionProperties) = preSolution
		HideSolutionNode = FALSE
	EndGlobalSection
	GlobalSection(ExtensibilityGlobals) = postSolution
		SolutionGuid = {55CC86D7-4495-4801-B194-094F927EEF7D}
	EndGlobalSection
EndGlobal
